
Microsoft Visual Studio Solution File, Format Version 12.00
# Visual Studio Version 17
VisualStudioVersion = 17.0.32112.339
MinimumVisualStudioVersion = 10.0.40219.1
Project("{FAE04EC0-301F-11D3-BF4B-00C04F79EFBC}") = "BuildingWebAPIs", "BuildingWebAPIs\BuildingWebAPIs.csproj", "{F8EF1BF9-3C3D-4016-BC3C-F04496511CA1}"
EndProject
Global
	GlobalSection(SolutionConfigurationPlatforms) = preSolution
		Debug|Any CPU = Debug|Any CPU
		Release|Any CPU = Release|Any CPU
	EndGlobalSection
	GlobalSection(ProjectConfigurationPlatforms) = postSolution
		{F8EF1BF9-3C3D-4016-BC3C-F04496511CA1}.Debug|Any CPU.ActiveCfg = Debug|Any CPU
		{F8EF1BF9-3C3D-4016-BC3C-F04496511CA1}.Debug|Any CPU.Build.0 = Debug|Any CPU
		{F8EF1BF9-3C3D-4016-BC3C-F04496511CA1}.Release|Any CPU.ActiveCfg = Release|Any CPU
		{F8EF1BF9-3C3D-4016-BC3C-F04496511CA1}.Release|Any CPU.Build.0 = Release|Any CPU
	EndGlobalSection
	GlobalSection(SolutionProperties) = preSolution
		HideSolutionNode = FALSE
	EndGlobalSection
	GlobalSection(ExtensibilityGlobals) = postSolution
		SolutionGuid = {8FDCF82C-54B9-44F7-8DB7-A71FCC27D9E9}
	EndGlobalSection
EndGlobal
